
Microsoft Visual Studio Solution File, Format Version 12.00
# Visual Studio Version 17
VisualStudioVersion = 17.13.35828.75 d17.13
MinimumVisualStudioVersion = 10.0.40219.1
Project("{8BC9CEB8-8B4A-11D0-8D11-00A0C91BC942}") = "PlayChess", "PlayChess.vcxproj", "{980C2B5D-A2F7-4061-81F7-AC481EA18643}"
EndProject
Project("{8BC9CEB8-8B4A-11D0-8D11-00A0C91BC942}") = "TestChess", "..\TestChess\TestChess.vcxproj", "{8EC4469E-6740-4480-A3CA-E2161D9D6D3B}"
EndProject
Global
	GlobalSection(SolutionConfigurationPlatforms) = preSolution
		Debug|x64 = Debug|x64
		Debug|x86 = Debug|x86
		Release|x64 = Release|x64
		Release|x86 = Release|x86
	EndGlobalSection
	GlobalSection(ProjectConfigurationPlatforms) = postSolution
		{980C2B5D-A2F7-4061-81F7-AC481EA18643}.Debug|x64.ActiveCfg = Debug|x64
		{980C2B5D-A2F7-4061-81F7-AC481EA18643}.Debug|x64.Build.0 = Debug|x64
		{980C2B5D-A2F7-4061-81F7-AC481EA18643}.Debug|x86.ActiveCfg = Debug|Win32
		{980C2B5D-A2F7-4061-81F7-AC481EA18643}.Debug|x86.Build.0 = Debug|Win32
		{980C2B5D-A2F7-4061-81F7-AC481EA18643}.Release|x64.ActiveCfg = Release|x64
		{980C2B5D-A2F7-4061-81F7-AC481EA18643}.Release|x64.Build.0 = Release|x64
		{980C2B5D-A2F7-4061-81F7-AC481EA18643}.Release|x86.ActiveCfg = Release|Win32
		{980C2B5D-A2F7-4061-81F7-AC481EA18643}.Release|x86.Build.0 = Release|Win32
		{8EC4469E-6740-4480-A3CA-E2161D9D6D3B}.Debug|x64.ActiveCfg = Debug|x64
		{8EC4469E-6740-4480-A3CA-E2161D9D6D3B}.Debug|x64.Build.0 = Debug|x64
		{8EC4469E-6740-4480-A3CA-E2161D9D6D3B}.Debug|x86.ActiveCfg = Debug|Win32
		{8EC4469E-6740-4480-A3CA-E2161D9D6D3B}.Debug|x86.Build.0 = Debug|Win32
		{8EC4469E-6740-4480-A3CA-E2161D9D6D3B}.Release|x64.ActiveCfg = Release|x64
		{8EC4469E-6740-4480-A3CA-E2161D9D6D3B}.Release|x64.Build.0 = Release|x64
		{8EC4469E-6740-4480-A3CA-E2161D9D6D3B}.Release|x86.ActiveCfg = Release|Win32
		{8EC4469E-6740-4480-A3CA-E2161D9D6D3B}.Release|x86.Build.0 = Release|Win32
	EndGlobalSection
	GlobalSection(SolutionProperties) = preSolution
		HideSolutionNode = FALSE
	EndGlobalSection
	GlobalSection(ExtensibilityGlobals) = postSolution
		SolutionGuid = {80A48651-51E7-4C7D-9932-FC566B7A0BF3}
	EndGlobalSection
EndGlobal
