<?xml version="1.0" encoding="utf-8"?>
<Project ToolsVersion="4.0" xmlns="http://schemas.microsoft.com/developer/msbuild/2003">
  <ItemGroup>
    <Filter Include="Source Files">
      <UniqueIdentifier>{4FC737F1-C7A5-4376-A066-2A32D752A2FF}</UniqueIdentifier>
      <Extensions>cpp;c;cc;cxx;c++;cppm;ixx;def;odl;idl;hpj;bat;asm;asmx</Extensions>
    </Filter>
    <Filter Include="Header Files">
      <UniqueIdentifier>{93995380-89BD-4b04-88EB-625FBE52EBFB}</UniqueIdentifier>
      <Extensions>h;hh;hpp;hxx;h++;hm;inl;inc;ipp;xsd</Extensions>
    </Filter>
    <Filter Include="Resource Files">
      <UniqueIdentifier>{67DA6AB6-F800-4c08-8B7A-83BB121AAD01}</UniqueIdentifier>
      <Extensions>rc;ico;cur;bmp;dlg;rc2;rct;bin;rgs;gif;jpg;jpeg;jpe;resx;tiff;tif;png;wav;mfcribbon-ms</Extensions>
    </Filter>
  </ItemGroup>
  <ItemGroup>
    <ClCompile Include="..\..\Test_Chess.cpp">
      <Filter>Source Files</Filter>
    </ClCompile>
    <ClCompile Include="..\..\Chess_code\Bishop.cpp">
      <Filter>Source Files</Filter>
    </ClCompile>
    <ClCompile Include="..\..\Chess_code\Board.cpp">
      <Filter>Source Files</Filter>
    </ClCompile>
    <ClCompile Include="..\..\Chess_code\Check_for_checkmate.cpp">
      <Filter>Source Files</Filter>
    </ClCompile>
    <ClCompile Include="..\..\Chess_code\Chess.cpp">
      <Filter>Source Files</Filter>
    </ClCompile>
    <ClCompile Include="..\..\Chess_code\Chess_non_main.cpp">
      <Filter>Source Files</Filter>
    </ClCompile>
    <ClCompile Include="..\..\Chess_code\diagnoal_direction.cpp">
      <Filter>Source Files</Filter>
    </ClCompile>
    <ClCompile Include="..\..\Chess_code\King.cpp">
      <Filter>Source Files</Filter>
    </ClCompile>
    <ClCompile Include="..\..\Chess_code\Knight.cpp">
      <Filter>Source Files</Filter>
    </ClCompile>
    <ClCompile Include="..\..\Chess_code\Move.cpp">
      <Filter>Source Files</Filter>
    </ClCompile>
    <ClCompile Include="..\..\Chess_code\Move_diag.cpp">
      <Filter>Source Files</Filter>
    </ClCompile>
    <ClCompile Include="..\..\Chess_code\move_diagnolly.cpp">
      <Filter>Source Files</Filter>
    </ClCompile>
    <ClCompile Include="..\..\Chess_code\Move_horizontally.cpp">
      <Filter>Source Files</Filter>
    </ClCompile>
    <ClCompile Include="..\..\Chess_code\Move_safety.cpp">
      <Filter>Source Files</Filter>
    </ClCompile>
    <ClCompile Include="..\..\Chess_code\Pawn.cpp">
      <Filter>Source Files</Filter>
    </ClCompile>
    <ClCompile Include="..\..\Chess_code\Pawn_Upgrader.cpp">
      <Filter>Source Files</Filter>
    </ClCompile>
    <ClCompile Include="..\..\Chess_code\Piece.cpp">
      <Filter>Source Files</Filter>
    </ClCompile>
    <ClCompile Include="..\..\Chess_code\Queen.cpp">
      <Filter>Source Files</Filter>
    </ClCompile>
    <ClCompile Include="..\..\Chess_code\Rook.cpp">
      <Filter>Source Files</Filter>
    </ClCompile>
    <ClCompile Include="..\..\Chess_code\Safety.cpp">
      <Filter>Source Files</Filter>
    </ClCompile>
    <ClCompile Include="..\..\Chess_code\Space.cpp">
      <Filter>Source Files</Filter>
    </ClCompile>
    <ClCompile Include="..\..\Chess_code\Team.cpp">
      <Filter>Source Files</Filter>
    </ClCompile>
    <ClCompile Include="..\..\Chess_code\Undo_move.cpp">
      <Filter>Source Files</Filter>
    </ClCompile>
    <ClCompile Include="..\..\Catch2_code\catch_amalgamated.cpp">
      <Filter>Source Files</Filter>
    </ClCompile>
  </ItemGroup>
  <ItemGroup>
    <ClInclude Include="..\..\Chess_code\Bishop.h">
      <Filter>Header Files</Filter>
    </ClInclude>
    <ClInclude Include="..\..\Chess_code\Board.h">
      <Filter>Header Files</Filter>
    </ClInclude>
    <ClInclude Include="..\..\Chess_code\Check_vs_Checkmate.h">
      <Filter>Header Files</Filter>
    </ClInclude>
    <ClInclude Include="..\..\Chess_code\Chess.h">
      <Filter>Header Files</Filter>
    </ClInclude>
    <ClInclude Include="..\..\Chess_code\Chess_non_main.h">
      <Filter>Header Files</Filter>
    </ClInclude>
    <ClInclude Include="..\..\Chess_code\diagnoal_direction.h">
      <Filter>Header Files</Filter>
    </ClInclude>
    <ClInclude Include="..\..\Chess_code\InvalidPiece.h">
      <Filter>Header Files</Filter>
    </ClInclude>
    <ClInclude Include="..\..\Chess_code\King.h">
      <Filter>Header Files</Filter>
    </ClInclude>
    <ClInclude Include="..\..\Chess_code\Knight.h">
      <Filter>Header Files</Filter>
    </ClInclude>
    <ClInclude Include="..\..\Chess_code\Move.h">
      <Filter>Header Files</Filter>
    </ClInclude>
    <ClInclude Include="..\..\Chess_code\Move_diag.h">
      <Filter>Header Files</Filter>
    </ClInclude>
    <ClInclude Include="..\..\Chess_code\move_diagnolly.h">
      <Filter>Header Files</Filter>
    </ClInclude>
    <ClInclude Include="..\..\Chess_code\Move_horizontally.h">
      <Filter>Header Files</Filter>
    </ClInclude>
    <ClInclude Include="..\..\Chess_code\Move_safety.h">
      <Filter>Header Files</Filter>
    </ClInclude>
    <ClInclude Include="..\..\Chess_code\Node.h">
      <Filter>Header Files</Filter>
    </ClInclude>
    <ClInclude Include="..\..\Chess_code\PassantPawn.h">
      <Filter>Header Files</Filter>
    </ClInclude>
    <ClInclude Include="..\..\Chess_code\Pawn.h">
      <Filter>Header Files</Filter>
    </ClInclude>
    <ClInclude Include="..\..\Chess_code\Pawn_Upgrader.h">
      <Filter>Header Files</Filter>
    </ClInclude>
    <ClInclude Include="..\..\Chess_code\Piece.h">
      <Filter>Header Files</Filter>
    </ClInclude>
    <ClInclude Include="..\..\Chess_code\Queen.h">
      <Filter>Header Files</Filter>
    </ClInclude>
    <ClInclude Include="..\..\Chess_code\Rook.h">
      <Filter>Header Files</Filter>
    </ClInclude>
    <ClInclude Include="..\..\Chess_code\Safety.h">
      <Filter>Header Files</Filter>
    </ClInclude>
    <ClInclude Include="..\..\Chess_code\Straight_Line.h">
      <Filter>Header Files</Filter>
    </ClInclude>
    <ClInclude Include="..\..\Chess_code\Team.h">
      <Filter>Header Files</Filter>
    </ClInclude>
    <ClInclude Include="..\..\Chess_code\Teamname.h">
      <Filter>Header Files</Filter>
    </ClInclude>
    <ClInclude Include="..\..\Chess_code\Undo_move.h">
      <Filter>Header Files</Filter>
    </ClInclude>
    <ClInclude Include="..\..\Catch2_code\catch_amalgamated.hpp">
      <Filter>Header Files</Filter>
    </ClInclude>
  </ItemGroup>
  <ItemGroup>
    <None Include="..\..\Chess_code\Main.md" />
  </ItemGroup>
</Project>